<?xml version="1.0" encoding="Windows-1252"?>
<Project ToolsVersion="12.0" xmlns="http://schemas.microsoft.com/developer/msbuild/2003">
  <ItemGroup>
    <ClCompile Include="C:\Users\jchen114\Documents\Rag Doll\Dependencies\bullet3-2.83.7\src\LinearMath\btAlignedAllocator.cpp">
      <Filter>Source Files</Filter>
    </ClCompile>
    <ClCompile Include="C:\Users\jchen114\Documents\Rag Doll\Dependencies\bullet3-2.83.7\src\LinearMath\btConvexHull.cpp">
      <Filter>Source Files</Filter>
    </ClCompile>
    <ClCompile Include="C:\Users\jchen114\Documents\Rag Doll\Dependencies\bullet3-2.83.7\src\LinearMath\btConvexHullComputer.cpp">
      <Filter>Source Files</Filter>
    </ClCompile>
    <ClCompile Include="C:\Users\jchen114\Documents\Rag Doll\Dependencies\bullet3-2.83.7\src\LinearMath\btGeometryUtil.cpp">
      <Filter>Source Files</Filter>
    </ClCompile>
    <ClCompile Include="C:\Users\jchen114\Documents\Rag Doll\Dependencies\bullet3-2.83.7\src\LinearMath\btPolarDecomposition.cpp">
      <Filter>Source Files</Filter>
    </ClCompile>
    <ClCompile Include="C:\Users\jchen114\Documents\Rag Doll\Dependencies\bullet3-2.83.7\src\LinearMath\btQuickprof.cpp">
      <Filter>Source Files</Filter>
    </ClCompile>
    <ClCompile Include="C:\Users\jchen114\Documents\Rag Doll\Dependencies\bullet3-2.83.7\src\LinearMath\btSerializer.cpp">
      <Filter>Source Files</Filter>
    </ClCompile>
    <ClCompile Include="C:\Users\jchen114\Documents\Rag Doll\Dependencies\bullet3-2.83.7\src\LinearMath\btVector3.cpp">
      <Filter>Source Files</Filter>
    </ClCompile>
  </ItemGroup>
  <ItemGroup>
    <ClInclude Include="C:\Users\jchen114\Documents\Rag Doll\Dependencies\bullet3-2.83.7\src\LinearMath\btAabbUtil2.h">
      <Filter>Header Files</Filter>
    </ClInclude>
    <ClInclude Include="C:\Users\jchen114\Documents\Rag Doll\Dependencies\bullet3-2.83.7\src\LinearMath\btAlignedAllocator.h">
      <Filter>Header Files</Filter>
    </ClInclude>
    <ClInclude Include="C:\Users\jchen114\Documents\Rag Doll\Dependencies\bullet3-2.83.7\src\LinearMath\btAlignedObjectArray.h">
      <Filter>Header Files</Filter>
    </ClInclude>
    <ClInclude Include="C:\Users\jchen114\Documents\Rag Doll\Dependencies\bullet3-2.83.7\src\LinearMath\btConvexHull.h">
      <Filter>Header Files</Filter>
    </ClInclude>
    <ClInclude Include="C:\Users\jchen114\Documents\Rag Doll\Dependencies\bullet3-2.83.7\src\LinearMath\btConvexHullComputer.h">
      <Filter>Header Files</Filter>
    </ClInclude>
    <ClInclude Include="C:\Users\jchen114\Documents\Rag Doll\Dependencies\bullet3-2.83.7\src\LinearMath\btDefaultMotionState.h">
      <Filter>Header Files</Filter>
    </ClInclude>
    <ClInclude Include="C:\Users\jchen114\Documents\Rag Doll\Dependencies\bullet3-2.83.7\src\LinearMath\btGeometryUtil.h">
      <Filter>Header Files</Filter>
    </ClInclude>
    <ClInclude Include="C:\Users\jchen114\Documents\Rag Doll\Dependencies\bullet3-2.83.7\src\LinearMath\btGrahamScan2dConvexHull.h">
      <Filter>Header Files</Filter>
    </ClInclude>
    <ClInclude Include="C:\Users\jchen114\Documents\Rag Doll\Dependencies\bullet3-2.83.7\src\LinearMath\btHashMap.h">
      <Filter>Header Files</Filter>
    </ClInclude>
    <ClInclude Include="C:\Users\jchen114\Documents\Rag Doll\Dependencies\bullet3-2.83.7\src\LinearMath\btIDebugDraw.h">
      <Filter>Header Files</Filter>
    </ClInclude>
    <ClInclude Include="C:\Users\jchen114\Documents\Rag Doll\Dependencies\bullet3-2.83.7\src\LinearMath\btList.h">
      <Filter>Header Files</Filter>
    </ClInclude>
    <ClInclude Include="C:\Users\jchen114\Documents\Rag Doll\Dependencies\bullet3-2.83.7\src\LinearMath\btMatrix3x3.h">
      <Filter>Header Files</Filter>
    </ClInclude>
    <ClInclude Include="C:\Users\jchen114\Documents\Rag Doll\Dependencies\bullet3-2.83.7\src\LinearMath\btMinMax.h">
      <Filter>Header Files</Filter>
    </ClInclude>
    <ClInclude Include="C:\Users\jchen114\Documents\Rag Doll\Dependencies\bullet3-2.83.7\src\LinearMath\btMotionState.h">
      <Filter>Header Files</Filter>
    </ClInclude>
    <ClInclude Include="C:\Users\jchen114\Documents\Rag Doll\Dependencies\bullet3-2.83.7\src\LinearMath\btPolarDecomposition.h">
      <Filter>Header Files</Filter>
    </ClInclude>
    <ClInclude Include="C:\Users\jchen114\Documents\Rag Doll\Dependencies\bullet3-2.83.7\src\LinearMath\btPoolAllocator.h">
      <Filter>Header Files</Filter>
    </ClInclude>
    <ClInclude Include="C:\Users\jchen114\Documents\Rag Doll\Dependencies\bullet3-2.83.7\src\LinearMath\btQuadWord.h">
      <Filter>Header Files</Filter>
    </ClInclude>
    <ClInclude Include="C:\Users\jchen114\Documents\Rag Doll\Dependencies\bullet3-2.83.7\src\LinearMath\btQuaternion.h">
      <Filter>Header Files</Filter>
    </ClInclude>
    <ClInclude Include="C:\Users\jchen114\Documents\Rag Doll\Dependencies\bullet3-2.83.7\src\LinearMath\btQuickprof.h">
      <Filter>Header Files</Filter>
    </ClInclude>
    <ClInclude Include="C:\Users\jchen114\Documents\Rag Doll\Dependencies\bullet3-2.83.7\src\LinearMath\btRandom.h">
      <Filter>Header Files</Filter>
    </ClInclude>
    <ClInclude Include="C:\Users\jchen114\Documents\Rag Doll\Dependencies\bullet3-2.83.7\src\LinearMath\btScalar.h">
      <Filter>Header Files</Filter>
    </ClInclude>
    <ClInclude Include="C:\Users\jchen114\Documents\Rag Doll\Dependencies\bullet3-2.83.7\src\LinearMath\btSerializer.h">
      <Filter>Header Files</Filter>
    </ClInclude>
    <ClInclude Include="C:\Users\jchen114\Documents\Rag Doll\Dependencies\bullet3-2.83.7\src\LinearMath\btStackAlloc.h">
      <Filter>Header Files</Filter>
    </ClInclude>
    <ClInclude Include="C:\Users\jchen114\Documents\Rag Doll\Dependencies\bullet3-2.83.7\src\LinearMath\btTransform.h">
      <Filter>Header Files</Filter>
    </ClInclude>
    <ClInclude Include="C:\Users\jchen114\Documents\Rag Doll\Dependencies\bullet3-2.83.7\src\LinearMath\btTransformUtil.h">
      <Filter>Header Files</Filter>
    </ClInclude>
    <ClInclude Include="C:\Users\jchen114\Documents\Rag Doll\Dependencies\bullet3-2.83.7\src\LinearMath\btVector3.h">
      <Filter>Header Files</Filter>
    </ClInclude>
  </ItemGroup>
  <ItemGroup>
    <CustomBuild Include="C:\Users\jchen114\Documents\Rag Doll\Dependencies\bullet3-2.83.7\src\LinearMath\CMakeLists.txt" />
  </ItemGroup>
  <ItemGroup>
    <Filter Include="Source Files">
      <UniqueIdentifier>{F6F1D998-6A9B-48C9-BDC9-402FE39C09D8}</UniqueIdentifier>
    </Filter>
    <Filter Include="Header Files">
      <UniqueIdentifier>{86BFD981-F451-4DFE-B484-5F367ABB41FF}</UniqueIdentifier>
    </Filter>
  </ItemGroup>
</Project>
