<?xml version="1.0" encoding="Windows-1252"?>
<Project ToolsVersion="12.0" xmlns="http://schemas.microsoft.com/developer/msbuild/2003">
  <ItemGroup>
    <CustomBuild Include="..\..\CMakeFiles\817adadc12c666daafea7d12dcb9a8e5\RUN_TESTS_force.rule">
      <Filter>CMake Rules</Filter>
    </CustomBuild>
  </ItemGroup>
  <ItemGroup>
    <Filter Include="CMake Rules">
      <UniqueIdentifier>{2CEAEF16-D3FA-4C5C-B087-9A92D7CB8C1B}</UniqueIdentifier>
    </Filter>
  </ItemGroup>
</Project>
