<?xml version="1.0" encoding="UTF-8"?>
<Project ToolsVersion="12.0" xmlns="http://schemas.microsoft.com/developer/msbuild/2003">
  <ItemGroup>
    <CustomBuild Include="C:\Users\Hooligan\Documents\Walking-Rag-Doll\Dependencies\Bullet-Build-VS2013\CMakeFiles\36dfebd2cb9b17a1bc92b1685a351d1f\INSTALL_force.rule">
      <Filter>CMake Rules</Filter>
    </CustomBuild>
  </ItemGroup>
  <ItemGroup>
    <Filter Include="CMake Rules">
      <UniqueIdentifier>{4F6554D9-5633-3F14-980F-DAFA407E9D7C}</UniqueIdentifier>
    </Filter>
  </ItemGroup>
</Project>
