Microsoft Visual Studio Solution File, Format Version 12.00
# Visual Studio 2013
Project("{8BC9CEB8-8B4A-11D0-8D11-00A0C91BC942}") = "ALL_BUILD", "ALL_BUILD.vcxproj", "{8819A758-E236-305A-B24A-A72DF7E7ABB0}"
	ProjectSection(ProjectDependencies) = postProject
		{EE92BCE4-CA36-318C-9314-A3D8E1CD1E19} = {EE92BCE4-CA36-318C-9314-A3D8E1CD1E19}
		{9AEEFE71-9DB9-38D1-BE34-6E881BFE049C} = {9AEEFE71-9DB9-38D1-BE34-6E881BFE049C}
		{DD77BCCD-4E40-369F-93E2-7C626BB00DAE} = {DD77BCCD-4E40-369F-93E2-7C626BB00DAE}
		{F3204674-BF07-3CC5-B893-C7E940B60DB5} = {F3204674-BF07-3CC5-B893-C7E940B60DB5}
		{2C18E401-C92E-3ECA-8AEC-C83EF5886633} = {2C18E401-C92E-3ECA-8AEC-C83EF5886633}
		{DDACC377-8A55-3F86-A4F6-1FD472D2CEC5} = {DDACC377-8A55-3F86-A4F6-1FD472D2CEC5}
		{D9F8BFF7-7475-30C4-A500-60ADBE63023B} = {D9F8BFF7-7475-30C4-A500-60ADBE63023B}
		{2DD77763-73C3-378E-B678-3B5503E8B3F0} = {2DD77763-73C3-378E-B678-3B5503E8B3F0}
		{46C74BCE-D785-3925-984C-C0C382ED7455} = {46C74BCE-D785-3925-984C-C0C382ED7455}
		{B417A183-1BFB-3792-968D-96FE4D628BA1} = {B417A183-1BFB-3792-968D-96FE4D628BA1}
		{7E277390-598F-39AA-903F-0EF55C90228F} = {7E277390-598F-39AA-903F-0EF55C90228F}
		{EEC4A2D5-7FFF-3C70-A540-B8A479114D60} = {EEC4A2D5-7FFF-3C70-A540-B8A479114D60}
		{90BD01B8-C625-37D3-8824-8D5217CDA285} = {90BD01B8-C625-37D3-8824-8D5217CDA285}
		{67F8B5AB-95CE-35A1-92DF-ED4D1223F626} = {67F8B5AB-95CE-35A1-92DF-ED4D1223F626}
		{73B0C462-99A2-3B23-9771-6D9F0D492337} = {73B0C462-99A2-3B23-9771-6D9F0D492337}
		{42540B4A-8467-304A-B634-09592DB8DD5B} = {42540B4A-8467-304A-B634-09592DB8DD5B}
		{6F33CD3C-BB7B-355C-BF39-27445E35405C} = {6F33CD3C-BB7B-355C-BF39-27445E35405C}
		{B9A2FAF0-0E41-3C70-8955-25CA0602531B} = {B9A2FAF0-0E41-3C70-8955-25CA0602531B}
		{B1325F99-A190-38A7-9146-A8567810D000} = {B1325F99-A190-38A7-9146-A8567810D000}
		{F21C3D89-034C-3033-9BD9-2991E358D196} = {F21C3D89-034C-3033-9BD9-2991E358D196}
		{B57913FF-1601-39F1-A0C4-34EBF4E442C6} = {B57913FF-1601-39F1-A0C4-34EBF4E442C6}
		{7A420EB5-2D69-34ED-AA66-0441D3DE1AC9} = {7A420EB5-2D69-34ED-AA66-0441D3DE1AC9}
		{992CAB9E-1FD9-352E-8CEF-B4641AF9F91F} = {992CAB9E-1FD9-352E-8CEF-B4641AF9F91F}
		{D0AF1058-39EF-37A6-8D6B-F9A87B9FCD80} = {D0AF1058-39EF-37A6-8D6B-F9A87B9FCD80}
		{10EEFD2E-3055-3A71-A031-5CABA684F80A} = {10EEFD2E-3055-3A71-A031-5CABA684F80A}
		{1ADF6D1B-C335-3BAD-9551-053D7FD6CA0F} = {1ADF6D1B-C335-3BAD-9551-053D7FD6CA0F}
		{ECE290FE-FE55-3041-9AD2-D1CAA8DD61C5} = {ECE290FE-FE55-3041-9AD2-D1CAA8DD61C5}
		{4049F4CF-E80C-3FE6-A6E7-6F84A577A111} = {4049F4CF-E80C-3FE6-A6E7-6F84A577A111}
	EndProjectSection
EndProject
Project("{8BC9CEB8-8B4A-11D0-8D11-00A0C91BC942}") = "App_BasicExample", "examples\BasicDemo\App_BasicExample.vcxproj", "{EE92BCE4-CA36-318C-9314-A3D8E1CD1E19}"
	ProjectSection(ProjectDependencies) = postProject
		{B417A183-1BFB-3792-968D-96FE4D628BA1} = {B417A183-1BFB-3792-968D-96FE4D628BA1}
		{7E277390-598F-39AA-903F-0EF55C90228F} = {7E277390-598F-39AA-903F-0EF55C90228F}
		{B57913FF-1601-39F1-A0C4-34EBF4E442C6} = {B57913FF-1601-39F1-A0C4-34EBF4E442C6}
		{1ADF6D1B-C335-3BAD-9551-053D7FD6CA0F} = {1ADF6D1B-C335-3BAD-9551-053D7FD6CA0F}
	EndProjectSection
EndProject
Project("{8BC9CEB8-8B4A-11D0-8D11-00A0C91BC942}") = "App_ExampleBrowser", "examples\ExampleBrowser\App_ExampleBrowser.vcxproj", "{9AEEFE71-9DB9-38D1-BE34-6E881BFE049C}"
	ProjectSection(ProjectDependencies) = postProject
		{DDACC377-8A55-3F86-A4F6-1FD472D2CEC5} = {DDACC377-8A55-3F86-A4F6-1FD472D2CEC5}
		{B417A183-1BFB-3792-968D-96FE4D628BA1} = {B417A183-1BFB-3792-968D-96FE4D628BA1}
		{7E277390-598F-39AA-903F-0EF55C90228F} = {7E277390-598F-39AA-903F-0EF55C90228F}
		{90BD01B8-C625-37D3-8824-8D5217CDA285} = {90BD01B8-C625-37D3-8824-8D5217CDA285}
		{67F8B5AB-95CE-35A1-92DF-ED4D1223F626} = {67F8B5AB-95CE-35A1-92DF-ED4D1223F626}
		{73B0C462-99A2-3B23-9771-6D9F0D492337} = {73B0C462-99A2-3B23-9771-6D9F0D492337}
		{B57913FF-1601-39F1-A0C4-34EBF4E442C6} = {B57913FF-1601-39F1-A0C4-34EBF4E442C6}
		{7A420EB5-2D69-34ED-AA66-0441D3DE1AC9} = {7A420EB5-2D69-34ED-AA66-0441D3DE1AC9}
		{1ADF6D1B-C335-3BAD-9551-053D7FD6CA0F} = {1ADF6D1B-C335-3BAD-9551-053D7FD6CA0F}
		{4049F4CF-E80C-3FE6-A6E7-6F84A577A111} = {4049F4CF-E80C-3FE6-A6E7-6F84A577A111}
	EndProjectSection
EndProject
Project("{8BC9CEB8-8B4A-11D0-8D11-00A0C91BC942}") = "App_HelloWorld", "examples\HelloWorld\App_HelloWorld.vcxproj", "{DD77BCCD-4E40-369F-93E2-7C626BB00DAE}"
	ProjectSection(ProjectDependencies) = postProject
		{B417A183-1BFB-3792-968D-96FE4D628BA1} = {B417A183-1BFB-3792-968D-96FE4D628BA1}
		{7E277390-598F-39AA-903F-0EF55C90228F} = {7E277390-598F-39AA-903F-0EF55C90228F}
		{B57913FF-1601-39F1-A0C4-34EBF4E442C6} = {B57913FF-1601-39F1-A0C4-34EBF4E442C6}
		{1ADF6D1B-C335-3BAD-9551-053D7FD6CA0F} = {1ADF6D1B-C335-3BAD-9551-053D7FD6CA0F}
	EndProjectSection
EndProject
Project("{8BC9CEB8-8B4A-11D0-8D11-00A0C91BC942}") = "Bullet2FileLoader", "src\Bullet3Serialize\Bullet2FileLoader\Bullet2FileLoader.vcxproj", "{F3204674-BF07-3CC5-B893-C7E940B60DB5}"
	ProjectSection(ProjectDependencies) = postProject
		{1ADF6D1B-C335-3BAD-9551-053D7FD6CA0F} = {1ADF6D1B-C335-3BAD-9551-053D7FD6CA0F}
	EndProjectSection
EndProject
Project("{8BC9CEB8-8B4A-11D0-8D11-00A0C91BC942}") = "Bullet3Collision", "src\Bullet3Collision\Bullet3Collision.vcxproj", "{2C18E401-C92E-3ECA-8AEC-C83EF5886633}"
	ProjectSection(ProjectDependencies) = postProject
		{1ADF6D1B-C335-3BAD-9551-053D7FD6CA0F} = {1ADF6D1B-C335-3BAD-9551-053D7FD6CA0F}
	EndProjectSection
EndProject
Project("{8BC9CEB8-8B4A-11D0-8D11-00A0C91BC942}") = "Bullet3Common", "src\Bullet3Common\Bullet3Common.vcxproj", "{DDACC377-8A55-3F86-A4F6-1FD472D2CEC5}"
	ProjectSection(ProjectDependencies) = postProject
		{1ADF6D1B-C335-3BAD-9551-053D7FD6CA0F} = {1ADF6D1B-C335-3BAD-9551-053D7FD6CA0F}
	EndProjectSection
EndProject
Project("{8BC9CEB8-8B4A-11D0-8D11-00A0C91BC942}") = "Bullet3Dynamics", "src\Bullet3Dynamics\Bullet3Dynamics.vcxproj", "{D9F8BFF7-7475-30C4-A500-60ADBE63023B}"
	ProjectSection(ProjectDependencies) = postProject
		{1ADF6D1B-C335-3BAD-9551-053D7FD6CA0F} = {1ADF6D1B-C335-3BAD-9551-053D7FD6CA0F}
	EndProjectSection
EndProject
Project("{8BC9CEB8-8B4A-11D0-8D11-00A0C91BC942}") = "Bullet3Geometry", "src\Bullet3Geometry\Bullet3Geometry.vcxproj", "{2DD77763-73C3-378E-B678-3B5503E8B3F0}"
	ProjectSection(ProjectDependencies) = postProject
		{1ADF6D1B-C335-3BAD-9551-053D7FD6CA0F} = {1ADF6D1B-C335-3BAD-9551-053D7FD6CA0F}
	EndProjectSection
EndProject
Project("{8BC9CEB8-8B4A-11D0-8D11-00A0C91BC942}") = "Bullet3OpenCL_clew", "src\Bullet3OpenCL\Bullet3OpenCL_clew.vcxproj", "{46C74BCE-D785-3925-984C-C0C382ED7455}"
	ProjectSection(ProjectDependencies) = postProject
		{1ADF6D1B-C335-3BAD-9551-053D7FD6CA0F} = {1ADF6D1B-C335-3BAD-9551-053D7FD6CA0F}
	EndProjectSection
EndProject
Project("{8BC9CEB8-8B4A-11D0-8D11-00A0C91BC942}") = "BulletCollision", "src\BulletCollision\BulletCollision.vcxproj", "{B417A183-1BFB-3792-968D-96FE4D628BA1}"
	ProjectSection(ProjectDependencies) = postProject
		{1ADF6D1B-C335-3BAD-9551-053D7FD6CA0F} = {1ADF6D1B-C335-3BAD-9551-053D7FD6CA0F}
	EndProjectSection
EndProject
Project("{8BC9CEB8-8B4A-11D0-8D11-00A0C91BC942}") = "BulletDynamics", "src\BulletDynamics\BulletDynamics.vcxproj", "{7E277390-598F-39AA-903F-0EF55C90228F}"
	ProjectSection(ProjectDependencies) = postProject
		{1ADF6D1B-C335-3BAD-9551-053D7FD6CA0F} = {1ADF6D1B-C335-3BAD-9551-053D7FD6CA0F}
	EndProjectSection
EndProject
Project("{8BC9CEB8-8B4A-11D0-8D11-00A0C91BC942}") = "BulletFileLoader", "Extras\Serialize\BulletFileLoader\BulletFileLoader.vcxproj", "{EEC4A2D5-7FFF-3C70-A540-B8A479114D60}"
	ProjectSection(ProjectDependencies) = postProject
		{1ADF6D1B-C335-3BAD-9551-053D7FD6CA0F} = {1ADF6D1B-C335-3BAD-9551-053D7FD6CA0F}
	EndProjectSection
EndProject
Project("{8BC9CEB8-8B4A-11D0-8D11-00A0C91BC942}") = "BulletInverseDynamics", "src\BulletInverseDynamics\BulletInverseDynamics.vcxproj", "{90BD01B8-C625-37D3-8824-8D5217CDA285}"
	ProjectSection(ProjectDependencies) = postProject
		{1ADF6D1B-C335-3BAD-9551-053D7FD6CA0F} = {1ADF6D1B-C335-3BAD-9551-053D7FD6CA0F}
	EndProjectSection
EndProject
Project("{8BC9CEB8-8B4A-11D0-8D11-00A0C91BC942}") = "BulletInverseDynamicsUtils", "Extras\InverseDynamics\BulletInverseDynamicsUtils.vcxproj", "{67F8B5AB-95CE-35A1-92DF-ED4D1223F626}"
	ProjectSection(ProjectDependencies) = postProject
		{1ADF6D1B-C335-3BAD-9551-053D7FD6CA0F} = {1ADF6D1B-C335-3BAD-9551-053D7FD6CA0F}
	EndProjectSection
EndProject
Project("{8BC9CEB8-8B4A-11D0-8D11-00A0C91BC942}") = "BulletSoftBody", "src\BulletSoftBody\BulletSoftBody.vcxproj", "{73B0C462-99A2-3B23-9771-6D9F0D492337}"
	ProjectSection(ProjectDependencies) = postProject
		{1ADF6D1B-C335-3BAD-9551-053D7FD6CA0F} = {1ADF6D1B-C335-3BAD-9551-053D7FD6CA0F}
	EndProjectSection
EndProject
Project("{8BC9CEB8-8B4A-11D0-8D11-00A0C91BC942}") = "BulletWorldImporter", "Extras\Serialize\BulletWorldImporter\BulletWorldImporter.vcxproj", "{42540B4A-8467-304A-B634-09592DB8DD5B}"
	ProjectSection(ProjectDependencies) = postProject
		{1ADF6D1B-C335-3BAD-9551-053D7FD6CA0F} = {1ADF6D1B-C335-3BAD-9551-053D7FD6CA0F}
	EndProjectSection
EndProject
Project("{8BC9CEB8-8B4A-11D0-8D11-00A0C91BC942}") = "BulletXmlWorldImporter", "Extras\Serialize\BulletXmlWorldImporter\BulletXmlWorldImporter.vcxproj", "{6F33CD3C-BB7B-355C-BF39-27445E35405C}"
	ProjectSection(ProjectDependencies) = postProject
		{1ADF6D1B-C335-3BAD-9551-053D7FD6CA0F} = {1ADF6D1B-C335-3BAD-9551-053D7FD6CA0F}
	EndProjectSection
EndProject
Project("{8BC9CEB8-8B4A-11D0-8D11-00A0C91BC942}") = "ConvexDecomposition", "Extras\ConvexDecomposition\ConvexDecomposition.vcxproj", "{B9A2FAF0-0E41-3C70-8955-25CA0602531B}"
	ProjectSection(ProjectDependencies) = postProject
		{1ADF6D1B-C335-3BAD-9551-053D7FD6CA0F} = {1ADF6D1B-C335-3BAD-9551-053D7FD6CA0F}
	EndProjectSection
EndProject
Project("{8BC9CEB8-8B4A-11D0-8D11-00A0C91BC942}") = "GIMPACTUtils", "Extras\GIMPACTUtils\GIMPACTUtils.vcxproj", "{B1325F99-A190-38A7-9146-A8567810D000}"
	ProjectSection(ProjectDependencies) = postProject
		{1ADF6D1B-C335-3BAD-9551-053D7FD6CA0F} = {1ADF6D1B-C335-3BAD-9551-053D7FD6CA0F}
	EndProjectSection
EndProject
Project("{8BC9CEB8-8B4A-11D0-8D11-00A0C91BC942}") = "HACD", "Extras\HACD\HACD.vcxproj", "{F21C3D89-034C-3033-9BD9-2991E358D196}"
	ProjectSection(ProjectDependencies) = postProject
		{1ADF6D1B-C335-3BAD-9551-053D7FD6CA0F} = {1ADF6D1B-C335-3BAD-9551-053D7FD6CA0F}
	EndProjectSection
EndProject
Project("{8BC9CEB8-8B4A-11D0-8D11-00A0C91BC942}") = "INSTALL", "INSTALL.vcxproj", "{5DDBCC39-D0A1-39EF-B127-8EF1F1ADEAE6}"
	ProjectSection(ProjectDependencies) = postProject
		{8819A758-E236-305A-B24A-A72DF7E7ABB0} = {8819A758-E236-305A-B24A-A72DF7E7ABB0}
		{1ADF6D1B-C335-3BAD-9551-053D7FD6CA0F} = {1ADF6D1B-C335-3BAD-9551-053D7FD6CA0F}
	EndProjectSection
EndProject
Project("{8BC9CEB8-8B4A-11D0-8D11-00A0C91BC942}") = "LinearMath", "src\LinearMath\LinearMath.vcxproj", "{B57913FF-1601-39F1-A0C4-34EBF4E442C6}"
	ProjectSection(ProjectDependencies) = postProject
		{1ADF6D1B-C335-3BAD-9551-053D7FD6CA0F} = {1ADF6D1B-C335-3BAD-9551-053D7FD6CA0F}
	EndProjectSection
EndProject
Project("{8BC9CEB8-8B4A-11D0-8D11-00A0C91BC942}") = "OpenGLWindow", "examples\OpenGLWindow\OpenGLWindow.vcxproj", "{7A420EB5-2D69-34ED-AA66-0441D3DE1AC9}"
	ProjectSection(ProjectDependencies) = postProject
		{1ADF6D1B-C335-3BAD-9551-053D7FD6CA0F} = {1ADF6D1B-C335-3BAD-9551-053D7FD6CA0F}
	EndProjectSection
EndProject
Project("{8BC9CEB8-8B4A-11D0-8D11-00A0C91BC942}") = "RUN_TESTS", "RUN_TESTS.vcxproj", "{D3EA6929-FFEC-3935-9798-C6C48C9BEBC4}"
	ProjectSection(ProjectDependencies) = postProject
		{1ADF6D1B-C335-3BAD-9551-053D7FD6CA0F} = {1ADF6D1B-C335-3BAD-9551-053D7FD6CA0F}
	EndProjectSection
EndProject
Project("{8BC9CEB8-8B4A-11D0-8D11-00A0C91BC942}") = "Test_BulletDynamics", "test\BulletDynamics\pendulum\Test_BulletDynamics.vcxproj", "{992CAB9E-1FD9-352E-8CEF-B4641AF9F91F}"
	ProjectSection(ProjectDependencies) = postProject
		{B417A183-1BFB-3792-968D-96FE4D628BA1} = {B417A183-1BFB-3792-968D-96FE4D628BA1}
		{7E277390-598F-39AA-903F-0EF55C90228F} = {7E277390-598F-39AA-903F-0EF55C90228F}
		{B57913FF-1601-39F1-A0C4-34EBF4E442C6} = {B57913FF-1601-39F1-A0C4-34EBF4E442C6}
		{1ADF6D1B-C335-3BAD-9551-053D7FD6CA0F} = {1ADF6D1B-C335-3BAD-9551-053D7FD6CA0F}
		{ECE290FE-FE55-3041-9AD2-D1CAA8DD61C5} = {ECE290FE-FE55-3041-9AD2-D1CAA8DD61C5}
	EndProjectSection
EndProject
Project("{8BC9CEB8-8B4A-11D0-8D11-00A0C91BC942}") = "Test_BulletInverseDynamics", "test\InverseDynamics\Test_BulletInverseDynamics.vcxproj", "{D0AF1058-39EF-37A6-8D6B-F9A87B9FCD80}"
	ProjectSection(ProjectDependencies) = postProject
		{DDACC377-8A55-3F86-A4F6-1FD472D2CEC5} = {DDACC377-8A55-3F86-A4F6-1FD472D2CEC5}
		{90BD01B8-C625-37D3-8824-8D5217CDA285} = {90BD01B8-C625-37D3-8824-8D5217CDA285}
		{67F8B5AB-95CE-35A1-92DF-ED4D1223F626} = {67F8B5AB-95CE-35A1-92DF-ED4D1223F626}
		{B57913FF-1601-39F1-A0C4-34EBF4E442C6} = {B57913FF-1601-39F1-A0C4-34EBF4E442C6}
		{1ADF6D1B-C335-3BAD-9551-053D7FD6CA0F} = {1ADF6D1B-C335-3BAD-9551-053D7FD6CA0F}
		{ECE290FE-FE55-3041-9AD2-D1CAA8DD61C5} = {ECE290FE-FE55-3041-9AD2-D1CAA8DD61C5}
	EndProjectSection
EndProject
Project("{8BC9CEB8-8B4A-11D0-8D11-00A0C91BC942}") = "Test_Collision", "test\collision\Test_Collision.vcxproj", "{10EEFD2E-3055-3A71-A031-5CABA684F80A}"
	ProjectSection(ProjectDependencies) = postProject
		{B57913FF-1601-39F1-A0C4-34EBF4E442C6} = {B57913FF-1601-39F1-A0C4-34EBF4E442C6}
		{1ADF6D1B-C335-3BAD-9551-053D7FD6CA0F} = {1ADF6D1B-C335-3BAD-9551-053D7FD6CA0F}
		{ECE290FE-FE55-3041-9AD2-D1CAA8DD61C5} = {ECE290FE-FE55-3041-9AD2-D1CAA8DD61C5}
	EndProjectSection
EndProject
Project("{8BC9CEB8-8B4A-11D0-8D11-00A0C91BC942}") = "ZERO_CHECK", "ZERO_CHECK.vcxproj", "{1ADF6D1B-C335-3BAD-9551-053D7FD6CA0F}"
	ProjectSection(ProjectDependencies) = postProject
	EndProjectSection
EndProject
Project("{8BC9CEB8-8B4A-11D0-8D11-00A0C91BC942}") = "gtest", "test\gtest-1.7.0\gtest.vcxproj", "{ECE290FE-FE55-3041-9AD2-D1CAA8DD61C5}"
	ProjectSection(ProjectDependencies) = postProject
		{1ADF6D1B-C335-3BAD-9551-053D7FD6CA0F} = {1ADF6D1B-C335-3BAD-9551-053D7FD6CA0F}
	EndProjectSection
EndProject
Project("{8BC9CEB8-8B4A-11D0-8D11-00A0C91BC942}") = "gwen", "examples\ThirdPartyLibs\Gwen\gwen.vcxproj", "{4049F4CF-E80C-3FE6-A6E7-6F84A577A111}"
	ProjectSection(ProjectDependencies) = postProject
		{1ADF6D1B-C335-3BAD-9551-053D7FD6CA0F} = {1ADF6D1B-C335-3BAD-9551-053D7FD6CA0F}
	EndProjectSection
EndProject
Global
	GlobalSection(SolutionConfigurationPlatforms) = preSolution
		Debug|Win32 = Debug|Win32
		Release|Win32 = Release|Win32
		MinSizeRel|Win32 = MinSizeRel|Win32
		RelWithDebInfo|Win32 = RelWithDebInfo|Win32
	EndGlobalSection
	GlobalSection(ProjectConfigurationPlatforms) = postSolution
		{8819A758-E236-305A-B24A-A72DF7E7ABB0}.Debug|Win32.ActiveCfg = Debug|Win32
		{8819A758-E236-305A-B24A-A72DF7E7ABB0}.Debug|Win32.Build.0 = Debug|Win32
		{8819A758-E236-305A-B24A-A72DF7E7ABB0}.Release|Win32.ActiveCfg = Release|Win32
		{8819A758-E236-305A-B24A-A72DF7E7ABB0}.Release|Win32.Build.0 = Release|Win32
		{8819A758-E236-305A-B24A-A72DF7E7ABB0}.MinSizeRel|Win32.ActiveCfg = MinSizeRel|Win32
		{8819A758-E236-305A-B24A-A72DF7E7ABB0}.MinSizeRel|Win32.Build.0 = MinSizeRel|Win32
		{8819A758-E236-305A-B24A-A72DF7E7ABB0}.RelWithDebInfo|Win32.ActiveCfg = RelWithDebInfo|Win32
		{8819A758-E236-305A-B24A-A72DF7E7ABB0}.RelWithDebInfo|Win32.Build.0 = RelWithDebInfo|Win32
		{EE92BCE4-CA36-318C-9314-A3D8E1CD1E19}.Debug|Win32.ActiveCfg = Debug|Win32
		{EE92BCE4-CA36-318C-9314-A3D8E1CD1E19}.Debug|Win32.Build.0 = Debug|Win32
		{EE92BCE4-CA36-318C-9314-A3D8E1CD1E19}.Release|Win32.ActiveCfg = Release|Win32
		{EE92BCE4-CA36-318C-9314-A3D8E1CD1E19}.Release|Win32.Build.0 = Release|Win32
		{EE92BCE4-CA36-318C-9314-A3D8E1CD1E19}.MinSizeRel|Win32.ActiveCfg = MinSizeRel|Win32
		{EE92BCE4-CA36-318C-9314-A3D8E1CD1E19}.MinSizeRel|Win32.Build.0 = MinSizeRel|Win32
		{EE92BCE4-CA36-318C-9314-A3D8E1CD1E19}.RelWithDebInfo|Win32.ActiveCfg = RelWithDebInfo|Win32
		{EE92BCE4-CA36-318C-9314-A3D8E1CD1E19}.RelWithDebInfo|Win32.Build.0 = RelWithDebInfo|Win32
		{9AEEFE71-9DB9-38D1-BE34-6E881BFE049C}.Debug|Win32.ActiveCfg = Debug|Win32
		{9AEEFE71-9DB9-38D1-BE34-6E881BFE049C}.Debug|Win32.Build.0 = Debug|Win32
		{9AEEFE71-9DB9-38D1-BE34-6E881BFE049C}.Release|Win32.ActiveCfg = Release|Win32
		{9AEEFE71-9DB9-38D1-BE34-6E881BFE049C}.Release|Win32.Build.0 = Release|Win32
		{9AEEFE71-9DB9-38D1-BE34-6E881BFE049C}.MinSizeRel|Win32.ActiveCfg = MinSizeRel|Win32
		{9AEEFE71-9DB9-38D1-BE34-6E881BFE049C}.MinSizeRel|Win32.Build.0 = MinSizeRel|Win32
		{9AEEFE71-9DB9-38D1-BE34-6E881BFE049C}.RelWithDebInfo|Win32.ActiveCfg = RelWithDebInfo|Win32
		{9AEEFE71-9DB9-38D1-BE34-6E881BFE049C}.RelWithDebInfo|Win32.Build.0 = RelWithDebInfo|Win32
		{DD77BCCD-4E40-369F-93E2-7C626BB00DAE}.Debug|Win32.ActiveCfg = Debug|Win32
		{DD77BCCD-4E40-369F-93E2-7C626BB00DAE}.Debug|Win32.Build.0 = Debug|Win32
		{DD77BCCD-4E40-369F-93E2-7C626BB00DAE}.Release|Win32.ActiveCfg = Release|Win32
		{DD77BCCD-4E40-369F-93E2-7C626BB00DAE}.Release|Win32.Build.0 = Release|Win32
		{DD77BCCD-4E40-369F-93E2-7C626BB00DAE}.MinSizeRel|Win32.ActiveCfg = MinSizeRel|Win32
		{DD77BCCD-4E40-369F-93E2-7C626BB00DAE}.MinSizeRel|Win32.Build.0 = MinSizeRel|Win32
		{DD77BCCD-4E40-369F-93E2-7C626BB00DAE}.RelWithDebInfo|Win32.ActiveCfg = RelWithDebInfo|Win32
		{DD77BCCD-4E40-369F-93E2-7C626BB00DAE}.RelWithDebInfo|Win32.Build.0 = RelWithDebInfo|Win32
		{F3204674-BF07-3CC5-B893-C7E940B60DB5}.Debug|Win32.ActiveCfg = Debug|Win32
		{F3204674-BF07-3CC5-B893-C7E940B60DB5}.Debug|Win32.Build.0 = Debug|Win32
		{F3204674-BF07-3CC5-B893-C7E940B60DB5}.Release|Win32.ActiveCfg = Release|Win32
		{F3204674-BF07-3CC5-B893-C7E940B60DB5}.Release|Win32.Build.0 = Release|Win32
		{F3204674-BF07-3CC5-B893-C7E940B60DB5}.MinSizeRel|Win32.ActiveCfg = MinSizeRel|Win32
		{F3204674-BF07-3CC5-B893-C7E940B60DB5}.MinSizeRel|Win32.Build.0 = MinSizeRel|Win32
		{F3204674-BF07-3CC5-B893-C7E940B60DB5}.RelWithDebInfo|Win32.ActiveCfg = RelWithDebInfo|Win32
		{F3204674-BF07-3CC5-B893-C7E940B60DB5}.RelWithDebInfo|Win32.Build.0 = RelWithDebInfo|Win32
		{2C18E401-C92E-3ECA-8AEC-C83EF5886633}.Debug|Win32.ActiveCfg = Debug|Win32
		{2C18E401-C92E-3ECA-8AEC-C83EF5886633}.Debug|Win32.Build.0 = Debug|Win32
		{2C18E401-C92E-3ECA-8AEC-C83EF5886633}.Release|Win32.ActiveCfg = Release|Win32
		{2C18E401-C92E-3ECA-8AEC-C83EF5886633}.Release|Win32.Build.0 = Release|Win32
		{2C18E401-C92E-3ECA-8AEC-C83EF5886633}.MinSizeRel|Win32.ActiveCfg = MinSizeRel|Win32
		{2C18E401-C92E-3ECA-8AEC-C83EF5886633}.MinSizeRel|Win32.Build.0 = MinSizeRel|Win32
		{2C18E401-C92E-3ECA-8AEC-C83EF5886633}.RelWithDebInfo|Win32.ActiveCfg = RelWithDebInfo|Win32
		{2C18E401-C92E-3ECA-8AEC-C83EF5886633}.RelWithDebInfo|Win32.Build.0 = RelWithDebInfo|Win32
		{DDACC377-8A55-3F86-A4F6-1FD472D2CEC5}.Debug|Win32.ActiveCfg = Debug|Win32
		{DDACC377-8A55-3F86-A4F6-1FD472D2CEC5}.Debug|Win32.Build.0 = Debug|Win32
		{DDACC377-8A55-3F86-A4F6-1FD472D2CEC5}.Release|Win32.ActiveCfg = Release|Win32
		{DDACC377-8A55-3F86-A4F6-1FD472D2CEC5}.Release|Win32.Build.0 = Release|Win32
		{DDACC377-8A55-3F86-A4F6-1FD472D2CEC5}.MinSizeRel|Win32.ActiveCfg = MinSizeRel|Win32
		{DDACC377-8A55-3F86-A4F6-1FD472D2CEC5}.MinSizeRel|Win32.Build.0 = MinSizeRel|Win32
		{DDACC377-8A55-3F86-A4F6-1FD472D2CEC5}.RelWithDebInfo|Win32.ActiveCfg = RelWithDebInfo|Win32
		{DDACC377-8A55-3F86-A4F6-1FD472D2CEC5}.RelWithDebInfo|Win32.Build.0 = RelWithDebInfo|Win32
		{D9F8BFF7-7475-30C4-A500-60ADBE63023B}.Debug|Win32.ActiveCfg = Debug|Win32
		{D9F8BFF7-7475-30C4-A500-60ADBE63023B}.Debug|Win32.Build.0 = Debug|Win32
		{D9F8BFF7-7475-30C4-A500-60ADBE63023B}.Release|Win32.ActiveCfg = Release|Win32
		{D9F8BFF7-7475-30C4-A500-60ADBE63023B}.Release|Win32.Build.0 = Release|Win32
		{D9F8BFF7-7475-30C4-A500-60ADBE63023B}.MinSizeRel|Win32.ActiveCfg = MinSizeRel|Win32
		{D9F8BFF7-7475-30C4-A500-60ADBE63023B}.MinSizeRel|Win32.Build.0 = MinSizeRel|Win32
		{D9F8BFF7-7475-30C4-A500-60ADBE63023B}.RelWithDebInfo|Win32.ActiveCfg = RelWithDebInfo|Win32
		{D9F8BFF7-7475-30C4-A500-60ADBE63023B}.RelWithDebInfo|Win32.Build.0 = RelWithDebInfo|Win32
		{2DD77763-73C3-378E-B678-3B5503E8B3F0}.Debug|Win32.ActiveCfg = Debug|Win32
		{2DD77763-73C3-378E-B678-3B5503E8B3F0}.Debug|Win32.Build.0 = Debug|Win32
		{2DD77763-73C3-378E-B678-3B5503E8B3F0}.Release|Win32.ActiveCfg = Release|Win32
		{2DD77763-73C3-378E-B678-3B5503E8B3F0}.Release|Win32.Build.0 = Release|Win32
		{2DD77763-73C3-378E-B678-3B5503E8B3F0}.MinSizeRel|Win32.ActiveCfg = MinSizeRel|Win32
		{2DD77763-73C3-378E-B678-3B5503E8B3F0}.MinSizeRel|Win32.Build.0 = MinSizeRel|Win32
		{2DD77763-73C3-378E-B678-3B5503E8B3F0}.RelWithDebInfo|Win32.ActiveCfg = RelWithDebInfo|Win32
		{2DD77763-73C3-378E-B678-3B5503E8B3F0}.RelWithDebInfo|Win32.Build.0 = RelWithDebInfo|Win32
		{46C74BCE-D785-3925-984C-C0C382ED7455}.Debug|Win32.ActiveCfg = Debug|Win32
		{46C74BCE-D785-3925-984C-C0C382ED7455}.Debug|Win32.Build.0 = Debug|Win32
		{46C74BCE-D785-3925-984C-C0C382ED7455}.Release|Win32.ActiveCfg = Release|Win32
		{46C74BCE-D785-3925-984C-C0C382ED7455}.Release|Win32.Build.0 = Release|Win32
		{46C74BCE-D785-3925-984C-C0C382ED7455}.MinSizeRel|Win32.ActiveCfg = MinSizeRel|Win32
		{46C74BCE-D785-3925-984C-C0C382ED7455}.MinSizeRel|Win32.Build.0 = MinSizeRel|Win32
		{46C74BCE-D785-3925-984C-C0C382ED7455}.RelWithDebInfo|Win32.ActiveCfg = RelWithDebInfo|Win32
		{46C74BCE-D785-3925-984C-C0C382ED7455}.RelWithDebInfo|Win32.Build.0 = RelWithDebInfo|Win32
		{B417A183-1BFB-3792-968D-96FE4D628BA1}.Debug|Win32.ActiveCfg = Debug|Win32
		{B417A183-1BFB-3792-968D-96FE4D628BA1}.Debug|Win32.Build.0 = Debug|Win32
		{B417A183-1BFB-3792-968D-96FE4D628BA1}.Release|Win32.ActiveCfg = Release|Win32
		{B417A183-1BFB-3792-968D-96FE4D628BA1}.Release|Win32.Build.0 = Release|Win32
		{B417A183-1BFB-3792-968D-96FE4D628BA1}.MinSizeRel|Win32.ActiveCfg = MinSizeRel|Win32
		{B417A183-1BFB-3792-968D-96FE4D628BA1}.MinSizeRel|Win32.Build.0 = MinSizeRel|Win32
		{B417A183-1BFB-3792-968D-96FE4D628BA1}.RelWithDebInfo|Win32.ActiveCfg = RelWithDebInfo|Win32
		{B417A183-1BFB-3792-968D-96FE4D628BA1}.RelWithDebInfo|Win32.Build.0 = RelWithDebInfo|Win32
		{7E277390-598F-39AA-903F-0EF55C90228F}.Debug|Win32.ActiveCfg = Debug|Win32
		{7E277390-598F-39AA-903F-0EF55C90228F}.Debug|Win32.Build.0 = Debug|Win32
		{7E277390-598F-39AA-903F-0EF55C90228F}.Release|Win32.ActiveCfg = Release|Win32
		{7E277390-598F-39AA-903F-0EF55C90228F}.Release|Win32.Build.0 = Release|Win32
		{7E277390-598F-39AA-903F-0EF55C90228F}.MinSizeRel|Win32.ActiveCfg = MinSizeRel|Win32
		{7E277390-598F-39AA-903F-0EF55C90228F}.MinSizeRel|Win32.Build.0 = MinSizeRel|Win32
		{7E277390-598F-39AA-903F-0EF55C90228F}.RelWithDebInfo|Win32.ActiveCfg = RelWithDebInfo|Win32
		{7E277390-598F-39AA-903F-0EF55C90228F}.RelWithDebInfo|Win32.Build.0 = RelWithDebInfo|Win32
		{EEC4A2D5-7FFF-3C70-A540-B8A479114D60}.Debug|Win32.ActiveCfg = Debug|Win32
		{EEC4A2D5-7FFF-3C70-A540-B8A479114D60}.Debug|Win32.Build.0 = Debug|Win32
		{EEC4A2D5-7FFF-3C70-A540-B8A479114D60}.Release|Win32.ActiveCfg = Release|Win32
		{EEC4A2D5-7FFF-3C70-A540-B8A479114D60}.Release|Win32.Build.0 = Release|Win32
		{EEC4A2D5-7FFF-3C70-A540-B8A479114D60}.MinSizeRel|Win32.ActiveCfg = MinSizeRel|Win32
		{EEC4A2D5-7FFF-3C70-A540-B8A479114D60}.MinSizeRel|Win32.Build.0 = MinSizeRel|Win32
		{EEC4A2D5-7FFF-3C70-A540-B8A479114D60}.RelWithDebInfo|Win32.ActiveCfg = RelWithDebInfo|Win32
		{EEC4A2D5-7FFF-3C70-A540-B8A479114D60}.RelWithDebInfo|Win32.Build.0 = RelWithDebInfo|Win32
		{90BD01B8-C625-37D3-8824-8D5217CDA285}.Debug|Win32.ActiveCfg = Debug|Win32
		{90BD01B8-C625-37D3-8824-8D5217CDA285}.Debug|Win32.Build.0 = Debug|Win32
		{90BD01B8-C625-37D3-8824-8D5217CDA285}.Release|Win32.ActiveCfg = Release|Win32
		{90BD01B8-C625-37D3-8824-8D5217CDA285}.Release|Win32.Build.0 = Release|Win32
		{90BD01B8-C625-37D3-8824-8D5217CDA285}.MinSizeRel|Win32.ActiveCfg = MinSizeRel|Win32
		{90BD01B8-C625-37D3-8824-8D5217CDA285}.MinSizeRel|Win32.Build.0 = MinSizeRel|Win32
		{90BD01B8-C625-37D3-8824-8D5217CDA285}.RelWithDebInfo|Win32.ActiveCfg = RelWithDebInfo|Win32
		{90BD01B8-C625-37D3-8824-8D5217CDA285}.RelWithDebInfo|Win32.Build.0 = RelWithDebInfo|Win32
		{67F8B5AB-95CE-35A1-92DF-ED4D1223F626}.Debug|Win32.ActiveCfg = Debug|Win32
		{67F8B5AB-95CE-35A1-92DF-ED4D1223F626}.Debug|Win32.Build.0 = Debug|Win32
		{67F8B5AB-95CE-35A1-92DF-ED4D1223F626}.Release|Win32.ActiveCfg = Release|Win32
		{67F8B5AB-95CE-35A1-92DF-ED4D1223F626}.Release|Win32.Build.0 = Release|Win32
		{67F8B5AB-95CE-35A1-92DF-ED4D1223F626}.MinSizeRel|Win32.ActiveCfg = MinSizeRel|Win32
		{67F8B5AB-95CE-35A1-92DF-ED4D1223F626}.MinSizeRel|Win32.Build.0 = MinSizeRel|Win32
		{67F8B5AB-95CE-35A1-92DF-ED4D1223F626}.RelWithDebInfo|Win32.ActiveCfg = RelWithDebInfo|Win32
		{67F8B5AB-95CE-35A1-92DF-ED4D1223F626}.RelWithDebInfo|Win32.Build.0 = RelWithDebInfo|Win32
		{73B0C462-99A2-3B23-9771-6D9F0D492337}.Debug|Win32.ActiveCfg = Debug|Win32
		{73B0C462-99A2-3B23-9771-6D9F0D492337}.Debug|Win32.Build.0 = Debug|Win32
		{73B0C462-99A2-3B23-9771-6D9F0D492337}.Release|Win32.ActiveCfg = Release|Win32
		{73B0C462-99A2-3B23-9771-6D9F0D492337}.Release|Win32.Build.0 = Release|Win32
		{73B0C462-99A2-3B23-9771-6D9F0D492337}.MinSizeRel|Win32.ActiveCfg = MinSizeRel|Win32
		{73B0C462-99A2-3B23-9771-6D9F0D492337}.MinSizeRel|Win32.Build.0 = MinSizeRel|Win32
		{73B0C462-99A2-3B23-9771-6D9F0D492337}.RelWithDebInfo|Win32.ActiveCfg = RelWithDebInfo|Win32
		{73B0C462-99A2-3B23-9771-6D9F0D492337}.RelWithDebInfo|Win32.Build.0 = RelWithDebInfo|Win32
		{42540B4A-8467-304A-B634-09592DB8DD5B}.Debug|Win32.ActiveCfg = Debug|Win32
		{42540B4A-8467-304A-B634-09592DB8DD5B}.Debug|Win32.Build.0 = Debug|Win32
		{42540B4A-8467-304A-B634-09592DB8DD5B}.Release|Win32.ActiveCfg = Release|Win32
		{42540B4A-8467-304A-B634-09592DB8DD5B}.Release|Win32.Build.0 = Release|Win32
		{42540B4A-8467-304A-B634-09592DB8DD5B}.MinSizeRel|Win32.ActiveCfg = MinSizeRel|Win32
		{42540B4A-8467-304A-B634-09592DB8DD5B}.MinSizeRel|Win32.Build.0 = MinSizeRel|Win32
		{42540B4A-8467-304A-B634-09592DB8DD5B}.RelWithDebInfo|Win32.ActiveCfg = RelWithDebInfo|Win32
		{42540B4A-8467-304A-B634-09592DB8DD5B}.RelWithDebInfo|Win32.Build.0 = RelWithDebInfo|Win32
		{6F33CD3C-BB7B-355C-BF39-27445E35405C}.Debug|Win32.ActiveCfg = Debug|Win32
		{6F33CD3C-BB7B-355C-BF39-27445E35405C}.Debug|Win32.Build.0 = Debug|Win32
		{6F33CD3C-BB7B-355C-BF39-27445E35405C}.Release|Win32.ActiveCfg = Release|Win32
		{6F33CD3C-BB7B-355C-BF39-27445E35405C}.Release|Win32.Build.0 = Release|Win32
		{6F33CD3C-BB7B-355C-BF39-27445E35405C}.MinSizeRel|Win32.ActiveCfg = MinSizeRel|Win32
		{6F33CD3C-BB7B-355C-BF39-27445E35405C}.MinSizeRel|Win32.Build.0 = MinSizeRel|Win32
		{6F33CD3C-BB7B-355C-BF39-27445E35405C}.RelWithDebInfo|Win32.ActiveCfg = RelWithDebInfo|Win32
		{6F33CD3C-BB7B-355C-BF39-27445E35405C}.RelWithDebInfo|Win32.Build.0 = RelWithDebInfo|Win32
		{B9A2FAF0-0E41-3C70-8955-25CA0602531B}.Debug|Win32.ActiveCfg = Debug|Win32
		{B9A2FAF0-0E41-3C70-8955-25CA0602531B}.Debug|Win32.Build.0 = Debug|Win32
		{B9A2FAF0-0E41-3C70-8955-25CA0602531B}.Release|Win32.ActiveCfg = Release|Win32
		{B9A2FAF0-0E41-3C70-8955-25CA0602531B}.Release|Win32.Build.0 = Release|Win32
		{B9A2FAF0-0E41-3C70-8955-25CA0602531B}.MinSizeRel|Win32.ActiveCfg = MinSizeRel|Win32
		{B9A2FAF0-0E41-3C70-8955-25CA0602531B}.MinSizeRel|Win32.Build.0 = MinSizeRel|Win32
		{B9A2FAF0-0E41-3C70-8955-25CA0602531B}.RelWithDebInfo|Win32.ActiveCfg = RelWithDebInfo|Win32
		{B9A2FAF0-0E41-3C70-8955-25CA0602531B}.RelWithDebInfo|Win32.Build.0 = RelWithDebInfo|Win32
		{B1325F99-A190-38A7-9146-A8567810D000}.Debug|Win32.ActiveCfg = Debug|Win32
		{B1325F99-A190-38A7-9146-A8567810D000}.Debug|Win32.Build.0 = Debug|Win32
		{B1325F99-A190-38A7-9146-A8567810D000}.Release|Win32.ActiveCfg = Release|Win32
		{B1325F99-A190-38A7-9146-A8567810D000}.Release|Win32.Build.0 = Release|Win32
		{B1325F99-A190-38A7-9146-A8567810D000}.MinSizeRel|Win32.ActiveCfg = MinSizeRel|Win32
		{B1325F99-A190-38A7-9146-A8567810D000}.MinSizeRel|Win32.Build.0 = MinSizeRel|Win32
		{B1325F99-A190-38A7-9146-A8567810D000}.RelWithDebInfo|Win32.ActiveCfg = RelWithDebInfo|Win32
		{B1325F99-A190-38A7-9146-A8567810D000}.RelWithDebInfo|Win32.Build.0 = RelWithDebInfo|Win32
		{F21C3D89-034C-3033-9BD9-2991E358D196}.Debug|Win32.ActiveCfg = Debug|Win32
		{F21C3D89-034C-3033-9BD9-2991E358D196}.Debug|Win32.Build.0 = Debug|Win32
		{F21C3D89-034C-3033-9BD9-2991E358D196}.Release|Win32.ActiveCfg = Release|Win32
		{F21C3D89-034C-3033-9BD9-2991E358D196}.Release|Win32.Build.0 = Release|Win32
		{F21C3D89-034C-3033-9BD9-2991E358D196}.MinSizeRel|Win32.ActiveCfg = MinSizeRel|Win32
		{F21C3D89-034C-3033-9BD9-2991E358D196}.MinSizeRel|Win32.Build.0 = MinSizeRel|Win32
		{F21C3D89-034C-3033-9BD9-2991E358D196}.RelWithDebInfo|Win32.ActiveCfg = RelWithDebInfo|Win32
		{F21C3D89-034C-3033-9BD9-2991E358D196}.RelWithDebInfo|Win32.Build.0 = RelWithDebInfo|Win32
		{5DDBCC39-D0A1-39EF-B127-8EF1F1ADEAE6}.Debug|Win32.ActiveCfg = Debug|Win32
		{5DDBCC39-D0A1-39EF-B127-8EF1F1ADEAE6}.Release|Win32.ActiveCfg = Release|Win32
		{5DDBCC39-D0A1-39EF-B127-8EF1F1ADEAE6}.MinSizeRel|Win32.ActiveCfg = MinSizeRel|Win32
		{5DDBCC39-D0A1-39EF-B127-8EF1F1ADEAE6}.RelWithDebInfo|Win32.ActiveCfg = RelWithDebInfo|Win32
		{B57913FF-1601-39F1-A0C4-34EBF4E442C6}.Debug|Win32.ActiveCfg = Debug|Win32
		{B57913FF-1601-39F1-A0C4-34EBF4E442C6}.Debug|Win32.Build.0 = Debug|Win32
		{B57913FF-1601-39F1-A0C4-34EBF4E442C6}.Release|Win32.ActiveCfg = Release|Win32
		{B57913FF-1601-39F1-A0C4-34EBF4E442C6}.Release|Win32.Build.0 = Release|Win32
		{B57913FF-1601-39F1-A0C4-34EBF4E442C6}.MinSizeRel|Win32.ActiveCfg = MinSizeRel|Win32
		{B57913FF-1601-39F1-A0C4-34EBF4E442C6}.MinSizeRel|Win32.Build.0 = MinSizeRel|Win32
		{B57913FF-1601-39F1-A0C4-34EBF4E442C6}.RelWithDebInfo|Win32.ActiveCfg = RelWithDebInfo|Win32
		{B57913FF-1601-39F1-A0C4-34EBF4E442C6}.RelWithDebInfo|Win32.Build.0 = RelWithDebInfo|Win32
		{7A420EB5-2D69-34ED-AA66-0441D3DE1AC9}.Debug|Win32.ActiveCfg = Debug|Win32
		{7A420EB5-2D69-34ED-AA66-0441D3DE1AC9}.Debug|Win32.Build.0 = Debug|Win32
		{7A420EB5-2D69-34ED-AA66-0441D3DE1AC9}.Release|Win32.ActiveCfg = Release|Win32
		{7A420EB5-2D69-34ED-AA66-0441D3DE1AC9}.Release|Win32.Build.0 = Release|Win32
		{7A420EB5-2D69-34ED-AA66-0441D3DE1AC9}.MinSizeRel|Win32.ActiveCfg = MinSizeRel|Win32
		{7A420EB5-2D69-34ED-AA66-0441D3DE1AC9}.MinSizeRel|Win32.Build.0 = MinSizeRel|Win32
		{7A420EB5-2D69-34ED-AA66-0441D3DE1AC9}.RelWithDebInfo|Win32.ActiveCfg = RelWithDebInfo|Win32
		{7A420EB5-2D69-34ED-AA66-0441D3DE1AC9}.RelWithDebInfo|Win32.Build.0 = RelWithDebInfo|Win32
		{D3EA6929-FFEC-3935-9798-C6C48C9BEBC4}.Debug|Win32.ActiveCfg = Debug|Win32
		{D3EA6929-FFEC-3935-9798-C6C48C9BEBC4}.Release|Win32.ActiveCfg = Release|Win32
		{D3EA6929-FFEC-3935-9798-C6C48C9BEBC4}.MinSizeRel|Win32.ActiveCfg = MinSizeRel|Win32
		{D3EA6929-FFEC-3935-9798-C6C48C9BEBC4}.RelWithDebInfo|Win32.ActiveCfg = RelWithDebInfo|Win32
		{992CAB9E-1FD9-352E-8CEF-B4641AF9F91F}.Debug|Win32.ActiveCfg = Debug|Win32
		{992CAB9E-1FD9-352E-8CEF-B4641AF9F91F}.Debug|Win32.Build.0 = Debug|Win32
		{992CAB9E-1FD9-352E-8CEF-B4641AF9F91F}.Release|Win32.ActiveCfg = Release|Win32
		{992CAB9E-1FD9-352E-8CEF-B4641AF9F91F}.Release|Win32.Build.0 = Release|Win32
		{992CAB9E-1FD9-352E-8CEF-B4641AF9F91F}.MinSizeRel|Win32.ActiveCfg = MinSizeRel|Win32
		{992CAB9E-1FD9-352E-8CEF-B4641AF9F91F}.MinSizeRel|Win32.Build.0 = MinSizeRel|Win32
		{992CAB9E-1FD9-352E-8CEF-B4641AF9F91F}.RelWithDebInfo|Win32.ActiveCfg = RelWithDebInfo|Win32
		{992CAB9E-1FD9-352E-8CEF-B4641AF9F91F}.RelWithDebInfo|Win32.Build.0 = RelWithDebInfo|Win32
		{D0AF1058-39EF-37A6-8D6B-F9A87B9FCD80}.Debug|Win32.ActiveCfg = Debug|Win32
		{D0AF1058-39EF-37A6-8D6B-F9A87B9FCD80}.Debug|Win32.Build.0 = Debug|Win32
		{D0AF1058-39EF-37A6-8D6B-F9A87B9FCD80}.Release|Win32.ActiveCfg = Release|Win32
		{D0AF1058-39EF-37A6-8D6B-F9A87B9FCD80}.Release|Win32.Build.0 = Release|Win32
		{D0AF1058-39EF-37A6-8D6B-F9A87B9FCD80}.MinSizeRel|Win32.ActiveCfg = MinSizeRel|Win32
		{D0AF1058-39EF-37A6-8D6B-F9A87B9FCD80}.MinSizeRel|Win32.Build.0 = MinSizeRel|Win32
		{D0AF1058-39EF-37A6-8D6B-F9A87B9FCD80}.RelWithDebInfo|Win32.ActiveCfg = RelWithDebInfo|Win32
		{D0AF1058-39EF-37A6-8D6B-F9A87B9FCD80}.RelWithDebInfo|Win32.Build.0 = RelWithDebInfo|Win32
		{10EEFD2E-3055-3A71-A031-5CABA684F80A}.Debug|Win32.ActiveCfg = Debug|Win32
		{10EEFD2E-3055-3A71-A031-5CABA684F80A}.Debug|Win32.Build.0 = Debug|Win32
		{10EEFD2E-3055-3A71-A031-5CABA684F80A}.Release|Win32.ActiveCfg = Release|Win32
		{10EEFD2E-3055-3A71-A031-5CABA684F80A}.Release|Win32.Build.0 = Release|Win32
		{10EEFD2E-3055-3A71-A031-5CABA684F80A}.MinSizeRel|Win32.ActiveCfg = MinSizeRel|Win32
		{10EEFD2E-3055-3A71-A031-5CABA684F80A}.MinSizeRel|Win32.Build.0 = MinSizeRel|Win32
		{10EEFD2E-3055-3A71-A031-5CABA684F80A}.RelWithDebInfo|Win32.ActiveCfg = RelWithDebInfo|Win32
		{10EEFD2E-3055-3A71-A031-5CABA684F80A}.RelWithDebInfo|Win32.Build.0 = RelWithDebInfo|Win32
		{1ADF6D1B-C335-3BAD-9551-053D7FD6CA0F}.Debug|Win32.ActiveCfg = Debug|Win32
		{1ADF6D1B-C335-3BAD-9551-053D7FD6CA0F}.Debug|Win32.Build.0 = Debug|Win32
		{1ADF6D1B-C335-3BAD-9551-053D7FD6CA0F}.Release|Win32.ActiveCfg = Release|Win32
		{1ADF6D1B-C335-3BAD-9551-053D7FD6CA0F}.Release|Win32.Build.0 = Release|Win32
		{1ADF6D1B-C335-3BAD-9551-053D7FD6CA0F}.MinSizeRel|Win32.ActiveCfg = MinSizeRel|Win32
		{1ADF6D1B-C335-3BAD-9551-053D7FD6CA0F}.MinSizeRel|Win32.Build.0 = MinSizeRel|Win32
		{1ADF6D1B-C335-3BAD-9551-053D7FD6CA0F}.RelWithDebInfo|Win32.ActiveCfg = RelWithDebInfo|Win32
		{1ADF6D1B-C335-3BAD-9551-053D7FD6CA0F}.RelWithDebInfo|Win32.Build.0 = RelWithDebInfo|Win32
		{ECE290FE-FE55-3041-9AD2-D1CAA8DD61C5}.Debug|Win32.ActiveCfg = Debug|Win32
		{ECE290FE-FE55-3041-9AD2-D1CAA8DD61C5}.Debug|Win32.Build.0 = Debug|Win32
		{ECE290FE-FE55-3041-9AD2-D1CAA8DD61C5}.Release|Win32.ActiveCfg = Release|Win32
		{ECE290FE-FE55-3041-9AD2-D1CAA8DD61C5}.Release|Win32.Build.0 = Release|Win32
		{ECE290FE-FE55-3041-9AD2-D1CAA8DD61C5}.MinSizeRel|Win32.ActiveCfg = MinSizeRel|Win32
		{ECE290FE-FE55-3041-9AD2-D1CAA8DD61C5}.MinSizeRel|Win32.Build.0 = MinSizeRel|Win32
		{ECE290FE-FE55-3041-9AD2-D1CAA8DD61C5}.RelWithDebInfo|Win32.ActiveCfg = RelWithDebInfo|Win32
		{ECE290FE-FE55-3041-9AD2-D1CAA8DD61C5}.RelWithDebInfo|Win32.Build.0 = RelWithDebInfo|Win32
		{4049F4CF-E80C-3FE6-A6E7-6F84A577A111}.Debug|Win32.ActiveCfg = Debug|Win32
		{4049F4CF-E80C-3FE6-A6E7-6F84A577A111}.Debug|Win32.Build.0 = Debug|Win32
		{4049F4CF-E80C-3FE6-A6E7-6F84A577A111}.Release|Win32.ActiveCfg = Release|Win32
		{4049F4CF-E80C-3FE6-A6E7-6F84A577A111}.Release|Win32.Build.0 = Release|Win32
		{4049F4CF-E80C-3FE6-A6E7-6F84A577A111}.MinSizeRel|Win32.ActiveCfg = MinSizeRel|Win32
		{4049F4CF-E80C-3FE6-A6E7-6F84A577A111}.MinSizeRel|Win32.Build.0 = MinSizeRel|Win32
		{4049F4CF-E80C-3FE6-A6E7-6F84A577A111}.RelWithDebInfo|Win32.ActiveCfg = RelWithDebInfo|Win32
		{4049F4CF-E80C-3FE6-A6E7-6F84A577A111}.RelWithDebInfo|Win32.Build.0 = RelWithDebInfo|Win32
	EndGlobalSection
	GlobalSection(ExtensibilityGlobals) = postSolution
	EndGlobalSection
	GlobalSection(ExtensibilityAddIns) = postSolution
	EndGlobalSection
EndGlobal
