<?xml version="1.0" encoding="utf-8"?>
<Project ToolsVersion="4.0" xmlns="http://schemas.microsoft.com/developer/msbuild/2003">
  <ItemGroup>
    <Filter Include="Source Files">
      <UniqueIdentifier>{4FC737F1-C7A5-4376-A066-2A32D752A2FF}</UniqueIdentifier>
      <Extensions>cpp;c;cc;cxx;def;odl;idl;hpj;bat;asm;asmx</Extensions>
    </Filter>
    <Filter Include="Header Files">
      <UniqueIdentifier>{93995380-89BD-4b04-88EB-625FBE52EBFB}</UniqueIdentifier>
      <Extensions>h;hh;hpp;hxx;hm;inl;inc;xsd</Extensions>
    </Filter>
    <Filter Include="Common">
      <UniqueIdentifier>{b9ac51de-182c-49d5-8dc9-e356261c539c}</UniqueIdentifier>
    </Filter>
    <Filter Include="App">
      <UniqueIdentifier>{b3f6bf0a-9136-4214-aeea-b772f05fbe5c}</UniqueIdentifier>
    </Filter>
    <Filter Include="Contact">
      <UniqueIdentifier>{81b56579-dde6-4723-a9d9-db8bd24260f6}</UniqueIdentifier>
    </Filter>
  </ItemGroup>
  <ItemGroup>
    <Text Include="ReadMe.txt" />
  </ItemGroup>
  <ItemGroup>
    <ClInclude Include="stdafx.h">
      <Filter>Header Files</Filter>
    </ClInclude>
    <ClInclude Include="targetver.h">
      <Filter>Header Files</Filter>
    </ClInclude>
    <ClInclude Include="BulletOpenGLApplication.h">
      <Filter>Common</Filter>
    </ClInclude>
    <ClInclude Include="CameraManager.h">
      <Filter>Common</Filter>
    </ClInclude>
    <ClInclude Include="Constants.h">
      <Filter>Common</Filter>
    </ClInclude>
    <ClInclude Include="DebugDrawer.h">
      <Filter>Common</Filter>
    </ClInclude>
    <ClInclude Include="FreeGLUTCallbacks.h">
      <Filter>Common</Filter>
    </ClInclude>
    <ClInclude Include="OpenGLMotionState.h">
      <Filter>Common</Filter>
    </ClInclude>
    <ClInclude Include="GameObject.h">
      <Filter>Common</Filter>
    </ClInclude>
    <ClInclude Include="Gains.h">
      <Filter>App</Filter>
    </ClInclude>
    <ClInclude Include="RagDollApplication.h">
      <Filter>App</Filter>
    </ClInclude>
    <ClInclude Include="State.h">
      <Filter>App</Filter>
    </ClInclude>
    <ClInclude Include="WalkingController.h">
      <Filter>App</Filter>
    </ClInclude>
    <ClInclude Include="CollideeObject.h">
      <Filter>Contact</Filter>
    </ClInclude>
    <ClInclude Include="ColliderObject.h">
      <Filter>Contact</Filter>
    </ClInclude>
    <ClInclude Include="ColliderVertex.h">
      <Filter>Contact</Filter>
    </ClInclude>
    <ClInclude Include="ContactManager.h">
      <Filter>Contact</Filter>
    </ClInclude>
  </ItemGroup>
  <ItemGroup>
    <ClCompile Include="stdafx.cpp">
      <Filter>Source Files</Filter>
    </ClCompile>
    <ClCompile Include="BulletOpenGLApplication.cpp">
      <Filter>Common</Filter>
    </ClCompile>
    <ClCompile Include="CameraManager.cpp">
      <Filter>Common</Filter>
    </ClCompile>
    <ClCompile Include="Constants.cpp">
      <Filter>Common</Filter>
    </ClCompile>
    <ClCompile Include="DebugDrawer.cpp">
      <Filter>Common</Filter>
    </ClCompile>
    <ClCompile Include="GameObject.cpp">
      <Filter>Common</Filter>
    </ClCompile>
    <ClCompile Include="Gains.cpp">
      <Filter>App</Filter>
    </ClCompile>
    <ClCompile Include="RagDoll.cpp">
      <Filter>App</Filter>
    </ClCompile>
    <ClCompile Include="RagDollApplication.cpp">
      <Filter>App</Filter>
    </ClCompile>
    <ClCompile Include="State.cpp">
      <Filter>App</Filter>
    </ClCompile>
    <ClCompile Include="WalkingController.cpp">
      <Filter>App</Filter>
    </ClCompile>
    <ClCompile Include="CollideeObject.cpp">
      <Filter>Contact</Filter>
    </ClCompile>
    <ClCompile Include="ColliderObject.cpp">
      <Filter>Contact</Filter>
    </ClCompile>
    <ClCompile Include="ColliderVertex.cpp">
      <Filter>Contact</Filter>
    </ClCompile>
    <ClCompile Include="ContactManager.cpp">
      <Filter>Contact</Filter>
    </ClCompile>
  </ItemGroup>
  <ItemGroup>
    <None Include="ClassDiagram.cd" />
  </ItemGroup>
</Project>